
Microsoft Visual Studio Solution File, Format Version 12.00
# Visual Studio Version 16
VisualStudioVersion = 25.0.1706.7
MinimumVisualStudioVersion = 10.0.40219.1
Project("{FAE04EC0-301F-11D3-BF4B-00C04F79EFBC}") = "APIMaui", "APIMaui\APIMaui.csproj", "{0A3FEFA9-A70E-41F2-B7BA-26FBCF63C142}"
EndProject
Global
	GlobalSection(SolutionConfigurationPlatforms) = preSolution
		Debug|Any CPU = Debug|Any CPU
		Release|Any CPU = Release|Any CPU
	EndGlobalSection
	GlobalSection(ProjectConfigurationPlatforms) = postSolution
		{0A3FEFA9-A70E-41F2-B7BA-26FBCF63C142}.Debug|Any CPU.ActiveCfg = Debug|Any CPU
		{0A3FEFA9-A70E-41F2-B7BA-26FBCF63C142}.Debug|Any CPU.Build.0 = Debug|Any CPU
		{0A3FEFA9-A70E-41F2-B7BA-26FBCF63C142}.Release|Any CPU.ActiveCfg = Release|Any CPU
		{0A3FEFA9-A70E-41F2-B7BA-26FBCF63C142}.Release|Any CPU.Build.0 = Release|Any CPU
	EndGlobalSection
	GlobalSection(SolutionProperties) = preSolution
		HideSolutionNode = FALSE
	EndGlobalSection
	GlobalSection(ExtensibilityGlobals) = postSolution
		SolutionGuid = {98195116-9288-4AD9-800C-925FCA21E4BF}
	EndGlobalSection
EndGlobal
